// !$*UTF8*$!
{
	archiveVersion = 1;
	classes = {
	};
	objectVersion = 46;
	objects = {

/* Begin PBXBuildFile section */
		4C19F5851902835E002B9DF4 /* Foundation.framework in Frameworks */ = {isa = PBXBuildFile; fileRef = 4C19F5841902835E002B9DF4 /* Foundation.framework */; };
		4C19F5871902835E002B9DF4 /* CoreGraphics.framework in Frameworks */ = {isa = PBXBuildFile; fileRef = 4C19F5861902835E002B9DF4 /* CoreGraphics.framework */; };
		4C19F5891902835E002B9DF4 /* UIKit.framework in Frameworks */ = {isa = PBXBuildFile; fileRef = 4C19F5881902835E002B9DF4 /* UIKit.framework */; };
		4C19F58F1902835E002B9DF4 /* InfoPlist.strings in Resources */ = {isa = PBXBuildFile; fileRef = 4C19F58D1902835E002B9DF4 /* InfoPlist.strings */; };
		4C19F5911902835E002B9DF4 /* main.m in Sources */ = {isa = PBXBuildFile; fileRef = 4C19F5901902835E002B9DF4 /* main.m */; };
		4C19F5951902835E002B9DF4 /* AppDelegate.m in Sources */ = {isa = PBXBuildFile; fileRef = 4C19F5941902835E002B9DF4 /* AppDelegate.m */; };
		4C19F5971902835E002B9DF4 /* Images.xcassets in Resources */ = {isa = PBXBuildFile; fileRef = 4C19F5961902835E002B9DF4 /* Images.xcassets */; };
		4C19F59E1902835E002B9DF4 /* XCTest.framework in Frameworks */ = {isa = PBXBuildFile; fileRef = 4C19F59D1902835E002B9DF4 /* XCTest.framework */; };
		4C19F59F1902835E002B9DF4 /* Foundation.framework in Frameworks */ = {isa = PBXBuildFile; fileRef = 4C19F5841902835E002B9DF4 /* Foundation.framework */; };
		4C19F5A01902835E002B9DF4 /* UIKit.framework in Frameworks */ = {isa = PBXBuildFile; fileRef = 4C19F5881902835E002B9DF4 /* UIKit.framework */; };
		4C19F5A81902835E002B9DF4 /* InfoPlist.strings in Resources */ = {isa = PBXBuildFile; fileRef = 4C19F5A61902835E002B9DF4 /* InfoPlist.strings */; };
		4C19F5AA1902835E002B9DF4 /* CustomsCalcTests.m in Sources */ = {isa = PBXBuildFile; fileRef = 4C19F5A91902835E002B9DF4 /* CustomsCalcTests.m */; };
		4C19F5B4190284CB002B9DF4 /* Main.storyboard in Resources */ = {isa = PBXBuildFile; fileRef = 4C19F5B3190284CB002B9DF4 /* Main.storyboard */; };
/* End PBXBuildFile section */

/* Begin PBXContainerItemProxy section */
		4C19F5A11902835E002B9DF4 /* PBXContainerItemProxy */ = {
			isa = PBXContainerItemProxy;
			containerPortal = 4C19F5791902835E002B9DF4 /* Project object */;
			proxyType = 1;
			remoteGlobalIDString = 4C19F5801902835E002B9DF4;
			remoteInfo = CustomsCalc;
		};
/* End PBXContainerItemProxy section */

/* Begin PBXFileReference section */
		4C19F5811902835E002B9DF4 /* CustomsCalc.app */ = {isa = PBXFileReference; explicitFileType = wrapper.application; includeInIndex = 0; path = CustomsCalc.app; sourceTree = BUILT_PRODUCTS_DIR; };
		4C19F5841902835E002B9DF4 /* Foundation.framework */ = {isa = PBXFileReference; lastKnownFileType = wrapper.framework; name = Foundation.framework; path = System/Library/Frameworks/Foundation.framework; sourceTree = SDKROOT; };
		4C19F5861902835E002B9DF4 /* CoreGraphics.framework */ = {isa = PBXFileReference; lastKnownFileType = wrapper.framework; name = CoreGraphics.framework; path = System/Library/Frameworks/CoreGraphics.framework; sourceTree = SDKROOT; };
		4C19F5881902835E002B9DF4 /* UIKit.framework */ = {isa = PBXFileReference; lastKnownFileType = wrapper.framework; name = UIKit.framework; path = System/Library/Frameworks/UIKit.framework; sourceTree = SDKROOT; };
		4C19F58C1902835E002B9DF4 /* CustomsCalc-Info.plist */ = {isa = PBXFileReference; lastKnownFileType = text.plist.xml; path = "CustomsCalc-Info.plist"; sourceTree = "<group>"; };
		4C19F58E1902835E002B9DF4 /* en */ = {isa = PBXFileReference; lastKnownFileType = text.plist.strings; name = en; path = en.lproj/InfoPlist.strings; sourceTree = "<group>"; };
		4C19F5901902835E002B9DF4 /* main.m */ = {isa = PBXFileReference; lastKnownFileType = sourcecode.c.objc; path = main.m; sourceTree = "<group>"; };
		4C19F5921902835E002B9DF4 /* CustomsCalc-Prefix.pch */ = {isa = PBXFileReference; lastKnownFileType = sourcecode.c.h; path = "CustomsCalc-Prefix.pch"; sourceTree = "<group>"; };
		4C19F5931902835E002B9DF4 /* AppDelegate.h */ = {isa = PBXFileReference; lastKnownFileType = sourcecode.c.h; path = AppDelegate.h; sourceTree = "<group>"; };
		4C19F5941902835E002B9DF4 /* AppDelegate.m */ = {isa = PBXFileReference; lastKnownFileType = sourcecode.c.objc; path = AppDelegate.m; sourceTree = "<group>"; };
		4C19F5961902835E002B9DF4 /* Images.xcassets */ = {isa = PBXFileReference; lastKnownFileType = folder.assetcatalog; path = Images.xcassets; sourceTree = "<group>"; };
		4C19F59C1902835E002B9DF4 /* CustomsCalcTests.xctest */ = {isa = PBXFileReference; explicitFileType = wrapper.cfbundle; includeInIndex = 0; path = CustomsCalcTests.xctest; sourceTree = BUILT_PRODUCTS_DIR; };
		4C19F59D1902835E002B9DF4 /* XCTest.framework */ = {isa = PBXFileReference; lastKnownFileType = wrapper.framework; name = XCTest.framework; path = Library/Frameworks/XCTest.framework; sourceTree = DEVELOPER_DIR; };
		4C19F5A51902835E002B9DF4 /* CustomsCalcTests-Info.plist */ = {isa = PBXFileReference; lastKnownFileType = text.plist.xml; path = "CustomsCalcTests-Info.plist"; sourceTree = "<group>"; };
		4C19F5A71902835E002B9DF4 /* en */ = {isa = PBXFileReference; lastKnownFileType = text.plist.strings; name = en; path = en.lproj/InfoPlist.strings; sourceTree = "<group>"; };
		4C19F5A91902835E002B9DF4 /* CustomsCalcTests.m */ = {isa = PBXFileReference; lastKnownFileType = sourcecode.c.objc; path = CustomsCalcTests.m; sourceTree = "<group>"; };
		4C19F5B3190284CB002B9DF4 /* Main.storyboard */ = {isa = PBXFileReference; fileEncoding = 4; lastKnownFileType = file.storyboard; name = Main.storyboard; path = ../Main.storyboard; sourceTree = "<group>"; };
/* End PBXFileReference section */

/* Begin PBXFrameworksBuildPhase section */
		4C19F57E1902835E002B9DF4 /* Frameworks */ = {
			isa = PBXFrameworksBuildPhase;
			buildActionMask = 2147483647;
			files = (
				4C19F5871902835E002B9DF4 /* CoreGraphics.framework in Frameworks */,
				4C19F5891902835E002B9DF4 /* UIKit.framework in Frameworks */,
				4C19F5851902835E002B9DF4 /* Foundation.framework in Frameworks */,
			);
			runOnlyForDeploymentPostprocessing = 0;
		};
		4C19F5991902835E002B9DF4 /* Frameworks */ = {
			isa = PBXFrameworksBuildPhase;
			buildActionMask = 2147483647;
			files = (
				4C19F59E1902835E002B9DF4 /* XCTest.framework in Frameworks */,
				4C19F5A01902835E002B9DF4 /* UIKit.framework in Frameworks */,
				4C19F59F1902835E002B9DF4 /* Foundation.framework in Frameworks */,
			);
			runOnlyForDeploymentPostprocessing = 0;
		};
/* End PBXFrameworksBuildPhase section */

/* Begin PBXGroup section */
		4C19F5781902835E002B9DF4 = {
			isa = PBXGroup;
			children = (
				4C19F58A1902835E002B9DF4 /* CustomsCalc */,
				4C19F5A31902835E002B9DF4 /* CustomsCalcTests */,
				4C19F5831902835E002B9DF4 /* Frameworks */,
				4C19F5821902835E002B9DF4 /* Products */,
			);
			sourceTree = "<group>";
		};
		4C19F5821902835E002B9DF4 /* Products */ = {
			isa = PBXGroup;
			children = (
				4C19F5811902835E002B9DF4 /* CustomsCalc.app */,
				4C19F59C1902835E002B9DF4 /* CustomsCalcTests.xctest */,
			);
			name = Products;
			sourceTree = "<group>";
		};
		4C19F5831902835E002B9DF4 /* Frameworks */ = {
			isa = PBXGroup;
			children = (
				4C19F5841902835E002B9DF4 /* Foundation.framework */,
				4C19F5861902835E002B9DF4 /* CoreGraphics.framework */,
				4C19F5881902835E002B9DF4 /* UIKit.framework */,
				4C19F59D1902835E002B9DF4 /* XCTest.framework */,
			);
			name = Frameworks;
			sourceTree = "<group>";
		};
		4C19F58A1902835E002B9DF4 /* CustomsCalc */ = {
			isa = PBXGroup;
			children = (
				4C19F5931902835E002B9DF4 /* AppDelegate.h */,
				4C19F5941902835E002B9DF4 /* AppDelegate.m */,
				4C19F5961902835E002B9DF4 /* Images.xcassets */,
				4C19F58B1902835E002B9DF4 /* Supporting Files */,
			);
			path = CustomsCalc;
			sourceTree = "<group>";
		};
		4C19F58B1902835E002B9DF4 /* Supporting Files */ = {
			isa = PBXGroup;
			children = (
				4C19F5B3190284CB002B9DF4 /* Main.storyboard */,
				4C19F58C1902835E002B9DF4 /* CustomsCalc-Info.plist */,
				4C19F58D1902835E002B9DF4 /* InfoPlist.strings */,
				4C19F5901902835E002B9DF4 /* main.m */,
				4C19F5921902835E002B9DF4 /* CustomsCalc-Prefix.pch */,
			);
			name = "Supporting Files";
			sourceTree = "<group>";
		};
		4C19F5A31902835E002B9DF4 /* CustomsCalcTests */ = {
			isa = PBXGroup;
			children = (
				4C19F5A91902835E002B9DF4 /* CustomsCalcTests.m */,
				4C19F5A41902835E002B9DF4 /* Supporting Files */,
			);
			path = CustomsCalcTests;
			sourceTree = "<group>";
		};
		4C19F5A41902835E002B9DF4 /* Supporting Files */ = {
			isa = PBXGroup;
			children = (
				4C19F5A51902835E002B9DF4 /* CustomsCalcTests-Info.plist */,
				4C19F5A61902835E002B9DF4 /* InfoPlist.strings */,
			);
			name = "Supporting Files";
			sourceTree = "<group>";
		};
/* End PBXGroup section */

/* Begin PBXNativeTarget section */
		4C19F5801902835E002B9DF4 /* CustomsCalc */ = {
			isa = PBXNativeTarget;
			buildConfigurationList = 4C19F5AD1902835E002B9DF4 /* Build configuration list for PBXNativeTarget "CustomsCalc" */;
			buildPhases = (
				4C19F57D1902835E002B9DF4 /* Sources */,
				4C19F57E1902835E002B9DF4 /* Frameworks */,
				4C19F57F1902835E002B9DF4 /* Resources */,
			);
			buildRules = (
			);
			dependencies = (
			);
			name = CustomsCalc;
			productName = CustomsCalc;
			productReference = 4C19F5811902835E002B9DF4 /* CustomsCalc.app */;
			productType = "com.apple.product-type.application";
		};
		4C19F59B1902835E002B9DF4 /* CustomsCalcTests */ = {
			isa = PBXNativeTarget;
			buildConfigurationList = 4C19F5B01902835E002B9DF4 /* Build configuration list for PBXNativeTarget "CustomsCalcTests" */;
			buildPhases = (
				4C19F5981902835E002B9DF4 /* Sources */,
				4C19F5991902835E002B9DF4 /* Frameworks */,
				4C19F59A1902835E002B9DF4 /* Resources */,
			);
			buildRules = (
			);
			dependencies = (
				4C19F5A21902835E002B9DF4 /* PBXTargetDependency */,
			);
			name = CustomsCalcTests;
			productName = CustomsCalcTests;
			productReference = 4C19F59C1902835E002B9DF4 /* CustomsCalcTests.xctest */;
			productType = "com.apple.product-type.bundle.unit-test";
		};
/* End PBXNativeTarget section */

/* Begin PBXProject section */
		4C19F5791902835E002B9DF4 /* Project object */ = {
			isa = PBXProject;
			attributes = {
				LastUpgradeCheck = 0510;
				ORGANIZATIONNAME = "Vladimir Syrkin";
				TargetAttributes = {
					4C19F59B1902835E002B9DF4 = {
						TestTargetID = 4C19F5801902835E002B9DF4;
					};
				};
			};
			buildConfigurationList = 4C19F57C1902835E002B9DF4 /* Build configuration list for PBXProject "CustomsCalc" */;
			compatibilityVersion = "Xcode 3.2";
			developmentRegion = English;
			hasScannedForEncodings = 0;
			knownRegions = (
				en,
			);
			mainGroup = 4C19F5781902835E002B9DF4;
			productRefGroup = 4C19F5821902835E002B9DF4 /* Products */;
			projectDirPath = "";
			projectRoot = "";
			targets = (
				4C19F5801902835E002B9DF4 /* CustomsCalc */,
				4C19F59B1902835E002B9DF4 /* CustomsCalcTests */,
			);
		};
/* End PBXProject section */

/* Begin PBXResourcesBuildPhase section */
		4C19F57F1902835E002B9DF4 /* Resources */ = {
			isa = PBXResourcesBuildPhase;
			buildActionMask = 2147483647;
			files = (
				4C19F5B4190284CB002B9DF4 /* Main.storyboard in Resources */,
				4C19F58F1902835E002B9DF4 /* InfoPlist.strings in Resources */,
				4C19F5971902835E002B9DF4 /* Images.xcassets in Resources */,
			);
			runOnlyForDeploymentPostprocessing = 0;
		};
		4C19F59A1902835E002B9DF4 /* Resources */ = {
			isa = PBXResourcesBuildPhase;
			buildActionMask = 2147483647;
			files = (
				4C19F5A81902835E002B9DF4 /* InfoPlist.strings in Resources */,
			);
			runOnlyForDeploymentPostprocessing = 0;
		};
/* End PBXResourcesBuildPhase section */

/* Begin PBXSourcesBuildPhase section */
		4C19F57D1902835E002B9DF4 /* Sources */ = {
			isa = PBXSourcesBuildPhase;
			buildActionMask = 2147483647;
			files = (
				4C19F5951902835E002B9DF4 /* AppDelegate.m in Sources */,
				4C19F5911902835E002B9DF4 /* main.m in Sources */,
			);
			runOnlyForDeploymentPostprocessing = 0;
		};
		4C19F5981902835E002B9DF4 /* Sources */ = {
			isa = PBXSourcesBuildPhase;
			buildActionMask = 2147483647;
			files = (
				4C19F5AA1902835E002B9DF4 /* CustomsCalcTests.m in Sources */,
			);
			runOnlyForDeploymentPostprocessing = 0;
		};
/* End PBXSourcesBuildPhase section */

/* Begin PBXTargetDependency section */
		4C19F5A21902835E002B9DF4 /* PBXTargetDependency */ = {
			isa = PBXTargetDependency;
			target = 4C19F5801902835E002B9DF4 /* CustomsCalc */;
			targetProxy = 4C19F5A11902835E002B9DF4 /* PBXContainerItemProxy */;
		};
/* End PBXTargetDependency section */

/* Begin PBXVariantGroup section */
		4C19F58D1902835E002B9DF4 /* InfoPlist.strings */ = {
			isa = PBXVariantGroup;
			children = (
				4C19F58E1902835E002B9DF4 /* en */,
			);
			name = InfoPlist.strings;
			sourceTree = "<group>";
		};
		4C19F5A61902835E002B9DF4 /* InfoPlist.strings */ = {
			isa = PBXVariantGroup;
			children = (
				4C19F5A71902835E002B9DF4 /* en */,
			);
			name = InfoPlist.strings;
			sourceTree = "<group>";
		};
/* End PBXVariantGroup section */

/* Begin XCBuildConfiguration section */
		4C19F5AB1902835E002B9DF4 /* Debug */ = {
			isa = XCBuildConfiguration;
			buildSettings = {
				ALWAYS_SEARCH_USER_PATHS = NO;
				CLANG_CXX_LANGUAGE_STANDARD = "gnu++0x";
				CLANG_CXX_LIBRARY = "libc++";
				CLANG_ENABLE_MODULES = YES;
				CLANG_ENABLE_OBJC_ARC = YES;
				CLANG_WARN_BOOL_CONVERSION = YES;
				CLANG_WARN_CONSTANT_CONVERSION = YES;
				CLANG_WARN_DIRECT_OBJC_ISA_USAGE = YES_ERROR;
				CLANG_WARN_EMPTY_BODY = YES;
				CLANG_WARN_ENUM_CONVERSION = YES;
				CLANG_WARN_INT_CONVERSION = YES;
				CLANG_WARN_OBJC_ROOT_CLASS = YES_ERROR;
				CLANG_WARN__DUPLICATE_METHOD_MATCH = YES;
				"CODE_SIGN_IDENTITY[sdk=iphoneos*]" = "iPhone Developer";
				COPY_PHASE_STRIP = NO;
				GCC_C_LANGUAGE_STANDARD = gnu99;
				GCC_DYNAMIC_NO_PIC = NO;
				GCC_OPTIMIZATION_LEVEL = 0;
				GCC_PREPROCESSOR_DEFINITIONS = (
					"DEBUG=1",
					"$(inherited)",
				);
				GCC_SYMBOLS_PRIVATE_EXTERN = NO;
				GCC_WARN_64_TO_32_BIT_CONVERSION = YES;
				GCC_WARN_ABOUT_RETURN_TYPE = YES_ERROR;
				GCC_WARN_UNDECLARED_SELECTOR = YES;
				GCC_WARN_UNINITIALIZED_AUTOS = YES_AGGRESSIVE;
				GCC_WARN_UNUSED_FUNCTION = YES;
				GCC_WARN_UNUSED_VARIABLE = YES;
				IPHONEOS_DEPLOYMENT_TARGET = 7.1;
				ONLY_ACTIVE_ARCH = YES;
				SDKROOT = iphoneos;
			};
			name = Debug;
		};
		4C19F5AC1902835E002B9DF4 /* Release */ = {
			isa = XCBuildConfiguration;
			buildSettings = {
				ALWAYS_SEARCH_USER_PATHS = NO;
				CLANG_CXX_LANGUAGE_STANDARD = "gnu++0x";
				CLANG_CXX_LIBRARY = "libc++";
				CLANG_ENABLE_MODULES = YES;
				CLANG_ENABLE_OBJC_ARC = YES;
				CLANG_WARN_BOOL_CONVERSION = YES;
				CLANG_WARN_CONSTANT_CONVERSION = YES;
				CLANG_WARN_DIRECT_OBJC_ISA_USAGE = YES_ERROR;
				CLANG_WARN_EMPTY_BODY = YES;
				CLANG_WARN_ENUM_CONVERSION = YES;
				CLANG_WARN_INT_CONVERSION = YES;
				CLANG_WARN_OBJC_ROOT_CLASS = YES_ERROR;
				CLANG_WARN__DUPLICATE_METHOD_MATCH = YES;
				"CODE_SIGN_IDENTITY[sdk=iphoneos*]" = "iPhone Developer";
				COPY_PHASE_STRIP = YES;
				ENABLE_NS_ASSERTIONS = NO;
				GCC_C_LANGUAGE_STANDARD = gnu99;
				GCC_WARN_64_TO_32_BIT_CONVERSION = YES;
				GCC_WARN_ABOUT_RETURN_TYPE = YES_ERROR;
				GCC_WARN_UNDECLARED_SELECTOR = YES;
				GCC_WARN_UNINITIALIZED_AUTOS = YES_AGGRESSIVE;
				GCC_WARN_UNUSED_FUNCTION = YES;
				GCC_WARN_UNUSED_VARIABLE = YES;
				IPHONEOS_DEPLOYMENT_TARGET = 7.1;
				SDKROOT = iphoneos;
				VALIDATE_PRODUCT = YES;
			};
			name = Release;
		};
		4C19F5AE1902835E002B9DF4 /* Debug */ = {
			isa = XCBuildConfiguration;
			buildSettings = {
				ASSETCATALOG_COMPILER_APPICON_NAME = AppIcon;
				ASSETCATALOG_COMPILER_LAUNCHIMAGE_NAME = LaunchImage;
				GCC_PRECOMPILE_PREFIX_HEADER = YES;
				GCC_PREFIX_HEADER = "CustomsCalc/CustomsCalc-Prefix.pch";
				INFOPLIST_FILE = "CustomsCalc/CustomsCalc-Info.plist";
				PRODUCT_NAME = "$(TARGET_NAME)";
				WRAPPER_EXTENSION = app;
			};
			name = Debug;
		};
		4C19F5AF1902835E002B9DF4 /* Release */ = {
			isa = XCBuildConfiguration;
			buildSettings = {
				ASSETCATALOG_COMPILER_APPICON_NAME = AppIcon;
				ASSETCATALOG_COMPILER_LAUNCHIMAGE_NAME = LaunchImage;
				GCC_PRECOMPILE_PREFIX_HEADER = YES;
				GCC_PREFIX_HEADER = "CustomsCalc/CustomsCalc-Prefix.pch";
				INFOPLIST_FILE = "CustomsCalc/CustomsCalc-Info.plist";
				PRODUCT_NAME = "$(TARGET_NAME)";
				WRAPPER_EXTENSION = app;
			};
			name = Release;
		};
		4C19F5B11902835E002B9DF4 /* Debug */ = {
			isa = XCBuildConfiguration;
			buildSettings = {
				BUNDLE_LOADER = "$(BUILT_PRODUCTS_DIR)/CustomsCalc.app/CustomsCalc";
				FRAMEWORK_SEARCH_PATHS = (
					"$(SDKROOT)/Developer/Library/Frameworks",
					"$(inherited)",
					"$(DEVELOPER_FRAMEWORKS_DIR)",
				);
				GCC_PRECOMPILE_PREFIX_HEADER = YES;
				GCC_PREFIX_HEADER = "CustomsCalc/CustomsCalc-Prefix.pch";
				GCC_PREPROCESSOR_DEFINITIONS = (
					"DEBUG=1",
					"$(inherited)",
				);
				INFOPLIST_FILE = "CustomsCalcTests/CustomsCalcTests-Info.plist";
				PRODUCT_NAME = "$(TARGET_NAME)";
				TEST_HOST = "$(BUNDLE_LOADER)";
				WRAPPER_EXTENSION = xctest;
			};
			name = Debug;
		};
		4C19F5B21902835E002B9DF4 /* Release */ = {
			isa = XCBuildConfiguration;
			buildSettings = {
				BUNDLE_LOADER = "$(BUILT_PRODUCTS_DIR)/CustomsCalc.app/CustomsCalc";
				FRAMEWORK_SEARCH_PATHS = (
					"$(SDKROOT)/Developer/Library/Frameworks",
					"$(inherited)",
					"$(DEVELOPER_FRAMEWORKS_DIR)",
				);
				GCC_PRECOMPILE_PREFIX_HEADER = YES;
				GCC_PREFIX_HEADER = "CustomsCalc/CustomsCalc-Prefix.pch";
				INFOPLIST_FILE = "CustomsCalcTests/CustomsCalcTests-Info.plist";
				PRODUCT_NAME = "$(TARGET_NAME)";
				TEST_HOST = "$(BUNDLE_LOADER)";
				WRAPPER_EXTENSION = xctest;
			};
			name = Release;
		};
/* End XCBuildConfiguration section */

/* Begin XCConfigurationList section */
		4C19F57C1902835E002B9DF4 /* Build configuration list for PBXProject "CustomsCalc" */ = {
			isa = XCConfigurationList;
			buildConfigurations = (
				4C19F5AB1902835E002B9DF4 /* Debug */,
				4C19F5AC1902835E002B9DF4 /* Release */,
			);
			defaultConfigurationIsVisible = 0;
			defaultConfigurationName = Release;
		};
		4C19F5AD1902835E002B9DF4 /* Build configuration list for PBXNativeTarget "CustomsCalc" */ = {
			isa = XCConfigurationList;
			buildConfigurations = (
				4C19F5AE1902835E002B9DF4 /* Debug */,
				4C19F5AF1902835E002B9DF4 /* Release */,
			);
			defaultConfigurationIsVisible = 0;
			defaultConfigurationName = Release;
		};
		4C19F5B01902835E002B9DF4 /* Build configuration list for PBXNativeTarget "CustomsCalcTests" */ = {
			isa = XCConfigurationList;
			buildConfigurations = (
				4C19F5B11902835E002B9DF4 /* Debug */,
				4C19F5B21902835E002B9DF4 /* Release */,
			);
			defaultConfigurationIsVisible = 0;
			defaultConfigurationName = Release;
		};
/* End XCConfigurationList section */
	};
	rootObject = 4C19F5791902835E002B9DF4 /* Project object */;
}
